# This file is automatically @generated by Cargo.
version = 3

[[package]]
name = "evil"
version = "0.1.0"
source = "git+https://github.com/attacker/evil-crate#abcdef0123456789"

[[package]]
name = "serde"
version = "1.0.0"
# A normal registry source is GitHub-hosted but must NOT fire (registry+ prefix).
source = "registry+https://github.com/rust-lang/crates.io-index"
checksum = "0000000000000000000000000000000000000000000000000000000000000000"
